lockfileVersion: '9.0'

settings:
  autoInstallPeers: true
  excludeLinksFromLockfile: false

importers:

  .:
    dependencies:
      html-to-image:
        specifier: ^1.11.13
        version: 1.11.13
      lucide-react:
        specifier: ^0.548.0
        version: 0.548.0(react@19.2.0)
      save:
        specifier: ^2.9.0
        version: 2.9.0

packages:

  async@3.2.6:
    resolution: {integrity: sha512-htCUDlxyyCLMgaM3xXg0C0LW2xqfuQ6p05pCEIsXuyQ+a1koYKTuBMzRNwmybfLgvJDMd0r1LTn4+E0Ti6C2AA==}

  duplexer@0.1.2:
    resolution: {integrity: sha512-jtD6YG370ZCIi/9GTaJKQxWTZD045+4R4hTk/x1UyoqadyJ9x9CgSi1RlVDQF8U2sxLLSnFkCaMihqljHIWgMg==}

  event-stream@4.0.1:
    resolution: {integrity: sha512-qACXdu/9VHPBzcyhdOWR5/IahhGMf0roTeZJfzz077GwylcDd90yOHLouhmv7GJ5XzPi6ekaQWd8AvPP2nOvpA==}

  from@0.1.7:
    resolution: {integrity: sha512-twe20eF1OxVxp/ML/kq2p1uc6KvFK/+vs8WjEbeKmV2He22MKm7YF2ANIt+EOqhJ5L3K/SuuPhk0hWQDjOM23g==}

  html-to-image@1.11.13:
    resolution: {integrity: sha512-cuOPoI7WApyhBElTTb9oqsawRvZ0rHhaHwghRLlTuffoD1B2aDemlCruLeZrUIIdvG7gs9xeELEPm6PhuASqrg==}

  lodash.assign@4.2.0:
    resolution: {integrity: sha512-hFuH8TY+Yji7Eja3mGiuAxBqLagejScbG8GbG0j6o9vzn0YL14My+ktnqtZgFTosKymC9/44wP6s7xyuLfnClw==}

  lucide-react@0.548.0:
    resolution: {integrity: sha512-63b16z63jM9yc1MwxajHeuu0FRZFsDtljtDjYm26Kd86UQ5HQzu9ksEtoUUw4RBuewodw/tGFmvipePvRsKeDA==}
    peerDependencies:
      react: ^16.5.1 || ^17.0.0 || ^18.0.0 || ^19.0.0

  map-stream@0.0.7:
    resolution: {integrity: sha512-C0X0KQmGm3N2ftbTGBhSyuydQ+vV1LC3f3zPvT3RXHXNZrvfPZcoXp/N5DOa8vedX/rTMm2CjTtivFg2STJMRQ==}

  mingo@6.7.2:
    resolution: {integrity: sha512-5HKLu2GiNxw71EYZbWPh6dpcucHLlHqOXa0gbsYYtAjRpT/8EbDBJURLlUt3cNkISd9grOJ/AeYogyWj3QoxGA==}

  pause-stream@0.0.11:
    resolution: {integrity: sha512-e3FBlXLmN/D1S+zHzanP4E/4Z60oFAa3O051qt1pxa7DEJWKAyil6upYVXCWadEnuoqa4Pkc9oUx9zsxYeRv8A==}

  react@19.2.0:
    resolution: {integrity: sha512-tmbWg6W31tQLeB5cdIBOicJDJRR2KzXsV7uSK9iNfLWQ5bIZfxuPEHp7M8wiHyHnn0DD1i7w3Zmin0FtkrwoCQ==}
    engines: {node: '>=0.10.0'}

  save@2.9.0:
    resolution: {integrity: sha512-eg8+g8CjvehE/2C6EbLdtK1pINVD27pcJLj4M9PjWWhoeha/y5bWf4dp/0RF+OzbKTcG1bae9qi3PAqiR8CJTg==}

  split@1.0.1:
    resolution: {integrity: sha512-mTyOoPbrivtXnwnIxZRFYRrPNtEFKlpB2fvjSnCQUiAA6qAZzqwna5envK4uk6OIeP17CsdF3rSBGYVBsU0Tkg==}

  stream-combiner@0.2.2:
    resolution: {integrity: sha512-6yHMqgLYDzQDcAkL+tjJDC5nSNuNIx0vZtRZeiPh7Saef7VHX9H5Ijn9l2VIol2zaNYlYEX6KyuT/237A58qEQ==}

  through@2.3.8:
    resolution: {integrity: sha512-w89qg7PI8wAdvX60bMDP+bFoD5Dvhm9oLheFp5O4a2QF0cSBGsBX4qZmadPMvVqlLJBBci+WqGGOAPvcDeNSVg==}

snapshots:

  async@3.2.6: {}

  duplexer@0.1.2: {}

  event-stream@4.0.1:
    dependencies:
      duplexer: 0.1.2
      from: 0.1.7
      map-stream: 0.0.7
      pause-stream: 0.0.11
      split: 1.0.1
      stream-combiner: 0.2.2
      through: 2.3.8

  from@0.1.7: {}

  html-to-image@1.11.13: {}

  lodash.assign@4.2.0: {}

  lucide-react@0.548.0(react@19.2.0):
    dependencies:
      react: 19.2.0

  map-stream@0.0.7: {}

  mingo@6.7.2: {}

  pause-stream@0.0.11:
    dependencies:
      through: 2.3.8

  react@19.2.0: {}

  save@2.9.0:
    dependencies:
      async: 3.2.6
      event-stream: 4.0.1
      lodash.assign: 4.2.0
      mingo: 6.7.2

  split@1.0.1:
    dependencies:
      through: 2.3.8

  stream-combiner@0.2.2:
    dependencies:
      duplexer: 0.1.2
      through: 2.3.8

  through@2.3.8: {}
